
Microsoft Visual Studio Solution File, Format Version 12.00
# Visual Studio Version 17
VisualStudioVersion = 17.10.35013.160
MinimumVisualStudioVersion = 10.0.40219.1
Project("{FAE04EC0-301F-11D3-BF4B-00C04F79EFBC}") = "ToDoApp.Server", "ToDoApp.Server\ToDoApp.Server.csproj", "{34FDCCD3-7F64-4CCD-940D-7CB0E1A4BD09}"
EndProject
Project("{54A90642-561A-4BB1-A94E-469ADEE60C69}") = "todoapp.client", "todoapp.client\todoapp.client.esproj", "{44F49687-795F-411B-9885-580529166C95}"
EndProject
Project("{FAE04EC0-301F-11D3-BF4B-00C04F79EFBC}") = "ToDoApp.Tests", "ToDoApp.Tests\ToDoApp.Tests.csproj", "{1112CDF8-6E58-4251-8418-ECDDAEB96651}"
EndProject
Project("{FAE04EC0-301F-11D3-BF4B-00C04F79EFBC}") = "ToDoApp.Models", "ToDoApp.Models\ToDoApp.Models.csproj", "{D1D4FD4E-CFFA-4E2A-A6A7-B30EA056BD2E}"
EndProject
Global
	GlobalSection(SolutionConfigurationPlatforms) = preSolution
		Debug|Any CPU = Debug|Any CPU
		Release|Any CPU = Release|Any CPU
	EndGlobalSection
	GlobalSection(ProjectConfigurationPlatforms) = postSolution
		{34FDCCD3-7F64-4CCD-940D-7CB0E1A4BD09}.Debug|Any CPU.ActiveCfg = Debug|Any CPU
		{34FDCCD3-7F64-4CCD-940D-7CB0E1A4BD09}.Debug|Any CPU.Build.0 = Debug|Any CPU
		{34FDCCD3-7F64-4CCD-940D-7CB0E1A4BD09}.Release|Any CPU.ActiveCfg = Release|Any CPU
		{34FDCCD3-7F64-4CCD-940D-7CB0E1A4BD09}.Release|Any CPU.Build.0 = Release|Any CPU
		{44F49687-795F-411B-9885-580529166C95}.Debug|Any CPU.ActiveCfg = Debug|Any CPU
		{44F49687-795F-411B-9885-580529166C95}.Debug|Any CPU.Build.0 = Debug|Any CPU
		{44F49687-795F-411B-9885-580529166C95}.Debug|Any CPU.Deploy.0 = Debug|Any CPU
		{44F49687-795F-411B-9885-580529166C95}.Release|Any CPU.ActiveCfg = Release|Any CPU
		{44F49687-795F-411B-9885-580529166C95}.Release|Any CPU.Build.0 = Release|Any CPU
		{44F49687-795F-411B-9885-580529166C95}.Release|Any CPU.Deploy.0 = Release|Any CPU
		{1112CDF8-6E58-4251-8418-ECDDAEB96651}.Debug|Any CPU.ActiveCfg = Debug|Any CPU
		{1112CDF8-6E58-4251-8418-ECDDAEB96651}.Debug|Any CPU.Build.0 = Debug|Any CPU
		{1112CDF8-6E58-4251-8418-ECDDAEB96651}.Release|Any CPU.ActiveCfg = Release|Any CPU
		{1112CDF8-6E58-4251-8418-ECDDAEB96651}.Release|Any CPU.Build.0 = Release|Any CPU
		{D1D4FD4E-CFFA-4E2A-A6A7-B30EA056BD2E}.Debug|Any CPU.ActiveCfg = Debug|Any CPU
		{D1D4FD4E-CFFA-4E2A-A6A7-B30EA056BD2E}.Debug|Any CPU.Build.0 = Debug|Any CPU
		{D1D4FD4E-CFFA-4E2A-A6A7-B30EA056BD2E}.Release|Any CPU.ActiveCfg = Release|Any CPU
		{D1D4FD4E-CFFA-4E2A-A6A7-B30EA056BD2E}.Release|Any CPU.Build.0 = Release|Any CPU
	EndGlobalSection
	GlobalSection(SolutionProperties) = preSolution
		HideSolutionNode = FALSE
	EndGlobalSection
	GlobalSection(ExtensibilityGlobals) = postSolution
		SolutionGuid = {07293401-06A6-4327-9F7A-81EB113CCA8D}
	EndGlobalSection
EndGlobal
